
Microsoft Visual Studio Solution File, Format Version 12.00
# Visual Studio Version 16
VisualStudioVersion = 16.0.30204.135
MinimumVisualStudioVersion = 10.0.40219.1
Project("{FAE04EC0-301F-11D3-BF4B-00C04F79EFBC}") = "WebApplication", "WebApplication\WebApplication.csproj", "{A546E30C-430D-4A7E-99E6-9E7F6F5637A1}"
EndProject
Project("{FAE04EC0-301F-11D3-BF4B-00C04F79EFBC}") = "ServiceClient", "ServiceClient\ServiceClient.csproj", "{A3980126-1834-4BB3-B9EB-01D9377F7BE0}"
EndProject
Project("{FAE04EC0-301F-11D3-BF4B-00C04F79EFBC}") = "Model", "Model\Model.csproj", "{2CCE3151-165B-46B4-9BDA-35323887E315}"
EndProject
Global
	GlobalSection(SolutionConfigurationPlatforms) = preSolution
		Debug|Any CPU = Debug|Any CPU
		Release|Any CPU = Release|Any CPU
	EndGlobalSection
	GlobalSection(ProjectConfigurationPlatforms) = postSolution
		{A546E30C-430D-4A7E-99E6-9E7F6F5637A1}.Debug|Any CPU.ActiveCfg = Debug|Any CPU
		{A546E30C-430D-4A7E-99E6-9E7F6F5637A1}.Debug|Any CPU.Build.0 = Debug|Any CPU
		{A546E30C-430D-4A7E-99E6-9E7F6F5637A1}.Release|Any CPU.ActiveCfg = Release|Any CPU
		{A546E30C-430D-4A7E-99E6-9E7F6F5637A1}.Release|Any CPU.Build.0 = Release|Any CPU
		{A3980126-1834-4BB3-B9EB-01D9377F7BE0}.Debug|Any CPU.ActiveCfg = Debug|Any CPU
		{A3980126-1834-4BB3-B9EB-01D9377F7BE0}.Debug|Any CPU.Build.0 = Debug|Any CPU
		{A3980126-1834-4BB3-B9EB-01D9377F7BE0}.Release|Any CPU.ActiveCfg = Release|Any CPU
		{A3980126-1834-4BB3-B9EB-01D9377F7BE0}.Release|Any CPU.Build.0 = Release|Any CPU
		{2CCE3151-165B-46B4-9BDA-35323887E315}.Debug|Any CPU.ActiveCfg = Debug|Any CPU
		{2CCE3151-165B-46B4-9BDA-35323887E315}.Debug|Any CPU.Build.0 = Debug|Any CPU
		{2CCE3151-165B-46B4-9BDA-35323887E315}.Release|Any CPU.ActiveCfg = Release|Any CPU
		{2CCE3151-165B-46B4-9BDA-35323887E315}.Release|Any CPU.Build.0 = Release|Any CPU
	EndGlobalSection
	GlobalSection(SolutionProperties) = preSolution
		HideSolutionNode = FALSE
	EndGlobalSection
	GlobalSection(ExtensibilityGlobals) = postSolution
		SolutionGuid = {B8A9D665-9A84-45EE-A04D-8A81873CEC49}
	EndGlobalSection
EndGlobal
